
Microsoft Visual Studio Solution File, Format Version 12.00
# Visual Studio Version 17
VisualStudioVersion = 17.4.33213.308
MinimumVisualStudioVersion = 10.0.40219.1
Project("{FAE04EC0-301F-11D3-BF4B-00C04F79EFBC}") = "Web API", "Web API\Web API.csproj", "{8F4B284D-7222-4C43-91C8-C3BE44DAFCE0}"
EndProject
Project("{2150E333-8FDC-42A3-9474-1A3956D46DE8}") = "01- Comun", "01- Comun", "{8B51F06A-843C-416F-AA83-E234D57FFE32}"
EndProject
Project("{2150E333-8FDC-42A3-9474-1A3956D46DE8}") = "02- Modelo", "02- Modelo", "{FD9588BD-3E90-4D32-949B-AFD8E0B14FA3}"
EndProject
Project("{2150E333-8FDC-42A3-9474-1A3956D46DE8}") = "03- Acceso a Datos", "03- Acceso a Datos", "{44B558B9-25AB-4DFC-BFBF-72CC86B4706E}"
EndProject
Project("{2150E333-8FDC-42A3-9474-1A3956D46DE8}") = "04- Cliente Rest", "04- Cliente Rest", "{3CD882F8-04C2-4D86-8F28-EA8C6B46E8A5}"
EndProject
Project("{2150E333-8FDC-42A3-9474-1A3956D46DE8}") = "05- Logica de Negocio", "05- Logica de Negocio", "{C3FC9F42-0BBA-42D2-B919-122A1D89C884}"
EndProject
Project("{2150E333-8FDC-42A3-9474-1A3956D46DE8}") = "06- Web API", "06- Web API", "{AB634CD3-C0CF-4AD1-9368-0DE4399F5AD1}"
EndProject
Project("{FAE04EC0-301F-11D3-BF4B-00C04F79EFBC}") = "Comun", "Comun\Comun.csproj", "{3E9ACAAF-4EED-409C-8F6C-336DFCA8D2CA}"
EndProject
Project("{FAE04EC0-301F-11D3-BF4B-00C04F79EFBC}") = "Modelo", "Modelo\Modelo.csproj", "{9CE9F936-A435-4F4B-B6CA-7BBD316EF319}"
EndProject
Project("{FAE04EC0-301F-11D3-BF4B-00C04F79EFBC}") = "Datos", "Datos\Datos.csproj", "{5609B57F-7224-4A4C-A9BC-5DDA0038C0D5}"
EndProject
Project("{FAE04EC0-301F-11D3-BF4B-00C04F79EFBC}") = "Rest", "Rest\Rest.csproj", "{B2573854-5796-4BB0-97E9-E569EA0A4332}"
EndProject
Project("{FAE04EC0-301F-11D3-BF4B-00C04F79EFBC}") = "Logica", "Logica\Logica.csproj", "{10DB1927-3CB8-4CF4-8FAC-AE0BFF1D643F}"
EndProject
Global
	GlobalSection(SolutionConfigurationPlatforms) = preSolution
		Debug|Any CPU = Debug|Any CPU
		Release|Any CPU = Release|Any CPU
	EndGlobalSection
	GlobalSection(ProjectConfigurationPlatforms) = postSolution
		{8F4B284D-7222-4C43-91C8-C3BE44DAFCE0}.Debug|Any CPU.ActiveCfg = Debug|Any CPU
		{8F4B284D-7222-4C43-91C8-C3BE44DAFCE0}.Debug|Any CPU.Build.0 = Debug|Any CPU
		{8F4B284D-7222-4C43-91C8-C3BE44DAFCE0}.Release|Any CPU.ActiveCfg = Release|Any CPU
		{8F4B284D-7222-4C43-91C8-C3BE44DAFCE0}.Release|Any CPU.Build.0 = Release|Any CPU
		{3E9ACAAF-4EED-409C-8F6C-336DFCA8D2CA}.Debug|Any CPU.ActiveCfg = Debug|Any CPU
		{3E9ACAAF-4EED-409C-8F6C-336DFCA8D2CA}.Debug|Any CPU.Build.0 = Debug|Any CPU
		{3E9ACAAF-4EED-409C-8F6C-336DFCA8D2CA}.Release|Any CPU.ActiveCfg = Release|Any CPU
		{3E9ACAAF-4EED-409C-8F6C-336DFCA8D2CA}.Release|Any CPU.Build.0 = Release|Any CPU
		{9CE9F936-A435-4F4B-B6CA-7BBD316EF319}.Debug|Any CPU.ActiveCfg = Debug|Any CPU
		{9CE9F936-A435-4F4B-B6CA-7BBD316EF319}.Debug|Any CPU.Build.0 = Debug|Any CPU
		{9CE9F936-A435-4F4B-B6CA-7BBD316EF319}.Release|Any CPU.ActiveCfg = Release|Any CPU
		{9CE9F936-A435-4F4B-B6CA-7BBD316EF319}.Release|Any CPU.Build.0 = Release|Any CPU
		{5609B57F-7224-4A4C-A9BC-5DDA0038C0D5}.Debug|Any CPU.ActiveCfg = Debug|Any CPU
		{5609B57F-7224-4A4C-A9BC-5DDA0038C0D5}.Debug|Any CPU.Build.0 = Debug|Any CPU
		{5609B57F-7224-4A4C-A9BC-5DDA0038C0D5}.Release|Any CPU.ActiveCfg = Release|Any CPU
		{5609B57F-7224-4A4C-A9BC-5DDA0038C0D5}.Release|Any CPU.Build.0 = Release|Any CPU
		{B2573854-5796-4BB0-97E9-E569EA0A4332}.Debug|Any CPU.ActiveCfg = Debug|Any CPU
		{B2573854-5796-4BB0-97E9-E569EA0A4332}.Debug|Any CPU.Build.0 = Debug|Any CPU
		{B2573854-5796-4BB0-97E9-E569EA0A4332}.Release|Any CPU.ActiveCfg = Release|Any CPU
		{B2573854-5796-4BB0-97E9-E569EA0A4332}.Release|Any CPU.Build.0 = Release|Any CPU
		{10DB1927-3CB8-4CF4-8FAC-AE0BFF1D643F}.Debug|Any CPU.ActiveCfg = Debug|Any CPU
		{10DB1927-3CB8-4CF4-8FAC-AE0BFF1D643F}.Debug|Any CPU.Build.0 = Debug|Any CPU
		{10DB1927-3CB8-4CF4-8FAC-AE0BFF1D643F}.Release|Any CPU.ActiveCfg = Release|Any CPU
		{10DB1927-3CB8-4CF4-8FAC-AE0BFF1D643F}.Release|Any CPU.Build.0 = Release|Any CPU
	EndGlobalSection
	GlobalSection(SolutionProperties) = preSolution
		HideSolutionNode = FALSE
	EndGlobalSection
	GlobalSection(NestedProjects) = preSolution
		{8F4B284D-7222-4C43-91C8-C3BE44DAFCE0} = {AB634CD3-C0CF-4AD1-9368-0DE4399F5AD1}
		{3E9ACAAF-4EED-409C-8F6C-336DFCA8D2CA} = {8B51F06A-843C-416F-AA83-E234D57FFE32}
		{9CE9F936-A435-4F4B-B6CA-7BBD316EF319} = {FD9588BD-3E90-4D32-949B-AFD8E0B14FA3}
		{5609B57F-7224-4A4C-A9BC-5DDA0038C0D5} = {44B558B9-25AB-4DFC-BFBF-72CC86B4706E}
		{B2573854-5796-4BB0-97E9-E569EA0A4332} = {3CD882F8-04C2-4D86-8F28-EA8C6B46E8A5}
		{10DB1927-3CB8-4CF4-8FAC-AE0BFF1D643F} = {C3FC9F42-0BBA-42D2-B919-122A1D89C884}
	EndGlobalSection
	GlobalSection(ExtensibilityGlobals) = postSolution
		SolutionGuid = {9FCD419F-27CA-4711-81D5-7CBF99E17C6F}
	EndGlobalSection
EndGlobal
